
Microsoft Visual Studio Solution File, Format Version 12.00
# Visual Studio 14
VisualStudioVersion = 14.0.24720.0
MinimumVisualStudioVersion = 10.0.40219.1
Project("{FAE04EC0-301F-11D3-BF4B-00C04F79EFBC}") = "WeatherService", "WeatherService\WeatherService.csproj", "{9EB28697-391C-45B6-B137-6A996F02895D}"
EndProject
Project("{FAE04EC0-301F-11D3-BF4B-00C04F79EFBC}") = "WeatherServiceTests", "WeatherServiceTests\WeatherServiceTests.csproj", "{BEEC7DD7-6AFF-4556-B3B3-CD59AB3FDB57}"
EndProject
Global
	GlobalSection(SolutionConfigurationPlatforms) = preSolution
		Debug|Any CPU = Debug|Any CPU
		Release|Any CPU = Release|Any CPU
	EndGlobalSection
	GlobalSection(ProjectConfigurationPlatforms) = postSolution
		{9EB28697-391C-45B6-B137-6A996F02895D}.Debug|Any CPU.ActiveCfg = Debug|Any CPU
		{9EB28697-391C-45B6-B137-6A996F02895D}.Debug|Any CPU.Build.0 = Debug|Any CPU
		{9EB28697-391C-45B6-B137-6A996F02895D}.Release|Any CPU.ActiveCfg = Release|Any CPU
		{9EB28697-391C-45B6-B137-6A996F02895D}.Release|Any CPU.Build.0 = Release|Any CPU
		{BEEC7DD7-6AFF-4556-B3B3-CD59AB3FDB57}.Debug|Any CPU.ActiveCfg = Debug|Any CPU
		{BEEC7DD7-6AFF-4556-B3B3-CD59AB3FDB57}.Debug|Any CPU.Build.0 = Debug|Any CPU
		{BEEC7DD7-6AFF-4556-B3B3-CD59AB3FDB57}.Release|Any CPU.ActiveCfg = Release|Any CPU
		{BEEC7DD7-6AFF-4556-B3B3-CD59AB3FDB57}.Release|Any CPU.Build.0 = Release|Any CPU
	EndGlobalSection
	GlobalSection(SolutionProperties) = preSolution
		HideSolutionNode = FALSE
	EndGlobalSection
EndGlobal
